# THIS IS AN AUTOGENERATED FILE. DO NOT EDIT THIS FILE DIRECTLY.
# yarn lockfile v1


"@babel/runtime@^7.18.3":
  version "7.18.3"
  resolved "https://registry.npmjs.org/@babel/runtime/-/runtime-7.18.3.tgz"
  integrity sha512-38Y8f7YUhce/K7RMwTp7m0uCumpv9hZkitCbBClqQIow1qSbCvGkcegKOXpEWCQLfWmevgRiWokZ1GkpfhbZug==
  dependencies:
    regenerator-runtime "^0.13.4"

"@strudel.cycles/core@^0.1.0":
  version "0.1.0"
  resolved "https://registry.yarnpkg.com/@strudel.cycles/core/-/core-0.1.0.tgz#b7a04ecbe81b2913a8552e57e49a923764320658"
  integrity sha512-Skl3uyGCE22LhM/rQucd2Oz64x71AywEqyyPVno8AQyZ8gvgkBFV6m5uQ0CoGZnBeLU0iOFE3SzI2FXf74ftyw==
  dependencies:
    bjork "^0.0.1"
    fraction.js "^4.2.0"

"@strudel.cycles/eval@^0.1.1":
  version "0.1.1"
  resolved "https://registry.yarnpkg.com/@strudel.cycles/eval/-/eval-0.1.1.tgz#c6474b08cade357dc487c0dadc0c477a662d2d14"
  integrity sha512-lMQPO9BWnAExbmrJFtGdavblpccQuIl0STRaVlOsdm0Q8NzZ7bEzBFy6/E4AjXc6Xo5nnCwHZOe6Ny6mcqLzcg==
  dependencies:
    "@strudel.cycles/core" "^0.1.0"
    estraverse "^5.3.0"
    shift-ast "^6.1.0"
    shift-codegen "^7.0.3"
    shift-parser "^7.0.3"
    shift-spec "^2018.0.2"
    shift-traverser "^1.0.0"

"@strudel.cycles/mini@^0.1.1":
  version "0.1.1"
  resolved "https://registry.yarnpkg.com/@strudel.cycles/mini/-/mini-0.1.1.tgz#140d0f4f5d1b3acedfbd06cb0e25f5ee21ac1e91"
  integrity sha512-xCgkM7XvPTRLKFF2T1K09TGqdH9lbrYygEI03xlI9sAesxDN6E1fyRCUMwM3neVcTVENPlYeYod8Jd0/qpOQ0Q==
  dependencies:
    "@strudel.cycles/core" "^0.1.0"
    "@strudel.cycles/eval" "^0.1.1"
    "@strudel.cycles/tone" "^0.1.1"

"@strudel.cycles/osc@^0.1.0":
  version "0.1.0"
  resolved "https://registry.yarnpkg.com/@strudel.cycles/osc/-/osc-0.1.0.tgz#f754a7c8d298772eee93bc061ec69f8523a9194e"
  integrity sha512-rQnnk26/z88mtmiQ3pjA+pFJgLzhQZPHz/Ph5SW6p8V+4Niz2i1bVF2hF33NCHDCxxPZWmQHhAejQs62svfmFg==
  dependencies:
    osc-js "^2.3.2"

"@strudel.cycles/tone@^0.1.1":
  version "0.1.1"
  resolved "https://registry.npmjs.org/@strudel.cycles/tone/-/tone-0.1.1.tgz"
  integrity sha512-iFul9mjNWMVecxw33D7xNhZODG7zUMEcA7l7lKCHtIiO9ZFDHYGhkUi8tN+MjovVM+p3zHVOzzDXjQTBFoUQ4w==
  dependencies:
    "@strudel.cycles/core" "^0.1.0"
    "@tonejs/piano" "^0.2.1"
    chord-voicings "^0.0.1"
    tone "^14.7.77"

"@strudel.cycles/webaudio@^0.1.1":
  version "0.1.1"
  resolved "https://registry.yarnpkg.com/@strudel.cycles/webaudio/-/webaudio-0.1.1.tgz#a7f86f5bc8d8013680f3444553fd838925d70286"
  integrity sha512-lmcjb+sZG0io2yUumzNtObcZLeVNbOQVXU3qv6Az3o7qozX83nkcfdKxKOWwKEYw2BL5VGfWuQfrQK/Kij4ipA==
  dependencies:
    "@strudel.cycles/core" "^0.1.0"

"@strudel.cycles/webdirt@^0.1.0":
  version "0.1.0"
  resolved "https://registry.yarnpkg.com/@strudel.cycles/webdirt/-/webdirt-0.1.0.tgz#0fd950ecf78b17f2fa4028c4afaf628a84b6a0d3"
  integrity sha512-F9Ae3xRlWXKZaDZ17zTgyeRhDI6M2BJc09ziWxJCTmnHBaClX/D9PQLbSVe+WMG5pzFgE9UVNloKUyIeEvcbQg==
  dependencies:
    "@strudel.cycles/core" "^0.1.0"
    WebDirt "github:dktr0/WebDirt"

"@tonaljs/abc-notation@^4.6.5":
  version "4.6.5"
  resolved "https://registry.npmjs.org/@tonaljs/abc-notation/-/abc-notation-4.6.5.tgz"
  integrity sha512-1S0Jnx0NfDLgyhkQOMEHqOacELL6RUdPcWWUP+nAnsOsb9owvB9RKYLSzp5odd16FVUR7U8c/JLc2yxIRvSeJw==
  dependencies:
    "@tonaljs/core" "^4.6.5"

"@tonaljs/array@^4.6.5":
  version "4.6.5"
  resolved "https://registry.npmjs.org/@tonaljs/array/-/array-4.6.5.tgz"
  integrity sha512-7A3DbBQ+qIQ134FqE518b4tJ8V2a15Sn303JjHzgnqZqKrNh/s3wqwkL60F7LKcd09tcp+vIKQP/MYt4xMcRAA==
  dependencies:
    "@tonaljs/core" "^4.6.5"

"@tonaljs/chord-detect@^4.6.5":
  version "4.6.5"
  resolved "https://registry.npmjs.org/@tonaljs/chord-detect/-/chord-detect-4.6.5.tgz"
  integrity sha512-4xu53UP4kNTfdTNpAAVijhXcQ+ypJqmeMnsST08ZXSjoYfJUhmf5rWDWfz36KOTtNdCA6AbYgdtTYV/Xw0nd/w==
  dependencies:
    "@tonaljs/chord-type" "^4.6.5"
    "@tonaljs/core" "^4.6.5"
    "@tonaljs/pcset" "^4.6.5"

"@tonaljs/chord-type@^4.6.5":
  version "4.6.5"
  resolved "https://registry.npmjs.org/@tonaljs/chord-type/-/chord-type-4.6.5.tgz"
  integrity sha512-Ol4DDopqpZCF9odosO2i8I+plud3Ul7VWJGNvL+PPCf4Qnwuz87q3aJQDLNoRUz4VyW0u66mq3LyVh6A8kb6Ug==
  dependencies:
    "@tonaljs/core" "^4.6.5"
    "@tonaljs/pcset" "^4.6.5"

"@tonaljs/chord@^4.6.5":
  version "4.6.5"
  resolved "https://registry.npmjs.org/@tonaljs/chord/-/chord-4.6.5.tgz"
  integrity sha512-Pjdel4aDVv4kcx9PW6Qozt5BB9nAt13AOExfzKztpgPmlBSy0SKHse7Jp1cA4MGAuLHU8dzVssTFYpCskEFw3w==
  dependencies:
    "@tonaljs/chord-detect" "^4.6.5"
    "@tonaljs/chord-type" "^4.6.5"
    "@tonaljs/collection" "^4.6.2"
    "@tonaljs/core" "^4.6.5"
    "@tonaljs/pcset" "^4.6.5"
    "@tonaljs/scale-type" "^4.6.5"

"@tonaljs/collection@^4.6.2":
  version "4.6.2"
  resolved "https://registry.npmjs.org/@tonaljs/collection/-/collection-4.6.2.tgz"
  integrity sha512-bfPCotLJNB/tG1NrdbsQPLDKZB5jlMs7uPQ6RYKiNkaena3345ZKkbCGl5pj6YTXeDm/oblXiSbFAn7SlLRZdQ==

"@tonaljs/core@^4.6.5":
  version "4.6.5"
  resolved "https://registry.npmjs.org/@tonaljs/core/-/core-4.6.5.tgz"
  integrity sha512-t7Vx0+L3j/ubQj2AhI1H45D/K745np4DwJjJjXNi5FlGD+TL2wyw50dCwkHKGHsrLDqup1qqP6yN7LBpC6UwNg==

"@tonaljs/duration-value@^4.6.2":
  version "4.6.2"
  resolved "https://registry.npmjs.org/@tonaljs/duration-value/-/duration-value-4.6.2.tgz"
  integrity sha512-zrXT0L/qsDQ6251Mlqz54vcUbYUB9xb6uJhlxUzc6VauXOt8UOfrdTULubRTXTaBwWt1h8J5n9pXTQmNGzNI9A==

"@tonaljs/interval@^4.6.5":
  version "4.6.5"
  resolved "https://registry.npmjs.org/@tonaljs/interval/-/interval-4.6.5.tgz"
  integrity sha512-7EDWhqZ7Nnh9oD4ahRYJHLc799ACGxYL4hDHwMKD16B2MgXqPvDeDvwQ31qUuO0ruGz8tMb3FDlgg0Hplowcbw==
  dependencies:
    "@tonaljs/core" "^4.6.5"

"@tonaljs/key@^4.6.5":
  version "4.6.5"
  resolved "https://registry.npmjs.org/@tonaljs/key/-/key-4.6.5.tgz"
  integrity sha512-ZdZWb5IStx6CLRmdEjawR66CqNpoW3EVUua2nVZBMdgnNebWxt4nvgH/ZNvGlCQGFZkUZzRhCfTwqsS6e3OmSA==
  dependencies:
    "@tonaljs/core" "^4.6.5"
    "@tonaljs/note" "^4.6.5"
    "@tonaljs/roman-numeral" "^4.6.5"

"@tonaljs/midi@^4.6.5":
  version "4.6.5"
  resolved "https://registry.npmjs.org/@tonaljs/midi/-/midi-4.6.5.tgz"
  integrity sha512-fJEZtNvV3M6yW1w+Tep60Rbv5PvuKszQcQzaJS1Loq5mHOKAzdmRfuJSpEpZBiaKEZ1WAMh1QKXYyOd+imyGQg==
  dependencies:
    "@tonaljs/core" "^4.6.5"

"@tonaljs/mode@^4.6.5":
  version "4.6.5"
  resolved "https://registry.npmjs.org/@tonaljs/mode/-/mode-4.6.5.tgz"
  integrity sha512-54iaON1rJ6q8fV5iuei8RGDxYhKBGGxZz3rjAxGSqdTUwBRVOdPqtzOkofThf9gRGYOMhzPp1BMbxbV+UCAPsA==
  dependencies:
    "@tonaljs/collection" "^4.6.2"
    "@tonaljs/core" "^4.6.5"
    "@tonaljs/interval" "^4.6.5"
    "@tonaljs/pcset" "^4.6.5"
    "@tonaljs/scale-type" "^4.6.5"

"@tonaljs/note@^4.6.5":
  version "4.6.5"
  resolved "https://registry.npmjs.org/@tonaljs/note/-/note-4.6.5.tgz"
  integrity sha512-Y0/eTzcReXzfcSLLG4k/dLLayqbvh/XYIkybG/QMDyR0BREuJq0Sw+NavbzhTtO0dadIQb/qfe0GFq4k2xS+NQ==
  dependencies:
    "@tonaljs/core" "^4.6.5"
    "@tonaljs/midi" "^4.6.5"

"@tonaljs/pcset@^4.6.5":
  version "4.6.5"
  resolved "https://registry.npmjs.org/@tonaljs/pcset/-/pcset-4.6.5.tgz"
  integrity sha512-oWAKflP3cREnUfScqsBzg2LLKNevxSnpDtrq8CPtwOAsrAa8PjQG07NQfhqIiFMjPUdgkDiER3qVA1n8dDwAJA==
  dependencies:
    "@tonaljs/collection" "^4.6.2"
    "@tonaljs/core" "^4.6.5"

"@tonaljs/progression@^4.6.5":
  version "4.6.5"
  resolved "https://registry.npmjs.org/@tonaljs/progression/-/progression-4.6.5.tgz"
  integrity sha512-ijYEgMFQG4izHYUw5cRtBRNBuoYzmpGvb/tRiykhJNI6XIjekZEMiMsOMfb1u5q+EGvnVNXRmrluMRDIz2rmRw==
  dependencies:
    "@tonaljs/chord" "^4.6.5"
    "@tonaljs/core" "^4.6.5"
    "@tonaljs/roman-numeral" "^4.6.5"

"@tonaljs/range@^4.6.5":
  version "4.6.5"
  resolved "https://registry.npmjs.org/@tonaljs/range/-/range-4.6.5.tgz"
  integrity sha512-99cOvVJ3l4X0UJuTSa6qE87JriREnnWIsi3xo1/n7RoqFxnfi8YPh4SfJJyysvHcT18X4EfcTNde9ancMBVu6A==
  dependencies:
    "@tonaljs/collection" "^4.6.2"
    "@tonaljs/midi" "^4.6.5"

"@tonaljs/roman-numeral@^4.6.5":
  version "4.6.5"
  resolved "https://registry.npmjs.org/@tonaljs/roman-numeral/-/roman-numeral-4.6.5.tgz"
  integrity sha512-bWYQNZWKmYDDcmbQQNwcWAHfTWanpzmvI0wplrMnGd4x0op5etwUEv+Yzjg0B1ef+E+zcU02Sl0WwRJhaDK3hg==
  dependencies:
    "@tonaljs/core" "^4.6.5"

"@tonaljs/scale-type@^4.6.5":
  version "4.6.5"
  resolved "https://registry.npmjs.org/@tonaljs/scale-type/-/scale-type-4.6.5.tgz"
  integrity sha512-rwcDOYf2UifjLJhmuQ8f8bJSeOCMDQJ1lB7lzlqdFxes03OeQhdOEfrT0nPtW8BhBEvq4GMM2NA6CLxX8MTwOQ==
  dependencies:
    "@tonaljs/core" "^4.6.5"
    "@tonaljs/pcset" "^4.6.5"

"@tonaljs/scale@^4.6.5":
  version "4.6.5"
  resolved "https://registry.npmjs.org/@tonaljs/scale/-/scale-4.6.5.tgz"
  integrity sha512-isYDamelOBtcd5bEnJ8QV0Js7jKRwZ0FlFVE/+bUN3wsyo9u6KLL5gMyfH9RKdx74m8lE13JXYTXgKqe+AOa4A==
  dependencies:
    "@tonaljs/chord-type" "^4.6.5"
    "@tonaljs/collection" "^4.6.2"
    "@tonaljs/core" "^4.6.5"
    "@tonaljs/note" "^4.6.5"
    "@tonaljs/pcset" "^4.6.5"
    "@tonaljs/scale-type" "^4.6.5"

"@tonaljs/time-signature@^4.6.2":
  version "4.6.2"
  resolved "https://registry.npmjs.org/@tonaljs/time-signature/-/time-signature-4.6.2.tgz"
  integrity sha512-OlZY4gdLd21WpMeAI1nS9E9zWcYU6oAzh6ptAUndqmVnFIrIWIWKCkWapdFx8dWdqrX8jqya3m4T33wmeo7w5Q==

"@tonaljs/tonal@^4.6.5":
  version "4.6.5"
  resolved "https://registry.npmjs.org/@tonaljs/tonal/-/tonal-4.6.5.tgz"
  integrity sha512-lmsWinI9dy7nQyzCEgDVeVAwJtsk4ey05cJZd6oa4QVuSFD+CR8ebaEiwT4/Na+W0kHrKicT3h0uYc2PJIvx5Q==
  dependencies:
    "@tonaljs/abc-notation" "^4.6.5"
    "@tonaljs/array" "^4.6.5"
    "@tonaljs/chord" "^4.6.5"
    "@tonaljs/chord-type" "^4.6.5"
    "@tonaljs/collection" "^4.6.2"
    "@tonaljs/core" "^4.6.5"
    "@tonaljs/duration-value" "^4.6.2"
    "@tonaljs/interval" "^4.6.5"
    "@tonaljs/key" "^4.6.5"
    "@tonaljs/midi" "^4.6.5"
    "@tonaljs/mode" "^4.6.5"
    "@tonaljs/note" "^4.6.5"
    "@tonaljs/pcset" "^4.6.5"
    "@tonaljs/progression" "^4.6.5"
    "@tonaljs/range" "^4.6.5"
    "@tonaljs/roman-numeral" "^4.6.5"
    "@tonaljs/scale" "^4.6.5"
    "@tonaljs/scale-type" "^4.6.5"
    "@tonaljs/time-signature" "^4.6.2"

"@tonejs/piano@^0.2.1":
  version "0.2.1"
  resolved "https://registry.npmjs.org/@tonejs/piano/-/piano-0.2.1.tgz"
  integrity sha512-JIwZ91RSFR7Rt16o7cA7O7G30wenFl0lY5yhTsuwZmn48MO9KV+X7kyXE98Bqvs/dCBVg9PoAJ1GKMabPOW4yQ==
  dependencies:
    tslib "^1.11.1"

"WebDirt@github:dktr0/WebDirt":
  version "1.0.0"
  resolved "https://codeload.github.com/dktr0/WebDirt/tar.gz/425dc8fd023440d9c61ffdb8642e44e2710faea0"

automation-events@^4.0.19:
  version "4.0.19"
  resolved "https://registry.npmjs.org/automation-events/-/automation-events-4.0.19.tgz"
  integrity sha512-e8ALmWdXSkDAtDVkmqLcCDMfMMvHcPTwsg+1GsxEO8+Cyg7FQs7F3VKifzdRTADVU6S1aqlPzDE3+KLFsH0sxA==
  dependencies:
    "@babel/runtime" "^7.18.3"
    tslib "^2.4.0"

bjork@^0.0.1:
  version "0.0.1"
  resolved "https://registry.npmjs.org/bjork/-/bjork-0.0.1.tgz"
  integrity sha512-IAq1k24hAwuACo82E0NobWh44z2heG4VM0C6c4MxLCDx54Tt4s4tjT8M+0ON4pfXzH2V5Br1tfhhnb19oiMp2w==

chord-voicings@^0.0.1:
  version "0.0.1"
  resolved "https://registry.npmjs.org/chord-voicings/-/chord-voicings-0.0.1.tgz"
  integrity sha512-SutgB/4ynkkuiK6qdQ/k3QvCFcH0Vj8Ch4t6LbRyRQbVzP/TOztiCk3kvXd516UZ6fqk7ijDRELEFcKN+6V8sA==
  dependencies:
    "@tonaljs/tonal" "^4.6.5"

esbuild-android-64@0.14.45:
  version "0.14.45"
  resolved "https://registry.yarnpkg.com/esbuild-android-64/-/esbuild-android-64-0.14.45.tgz#696f078d97a1350ceea5db626b3bc4a60fc13555"
  integrity sha512-krVmwL2uXQN1A+Ci4u2MR+Y0IAvQK0u3no5TsgguHVhTy138szjuohScCGjkpvLCpGLk7P4kFP1LKuntvJ0d4A==

esbuild-android-arm64@0.14.45:
  version "0.14.45"
  resolved "https://registry.yarnpkg.com/esbuild-android-arm64/-/esbuild-android-arm64-0.14.45.tgz#d229da8040cea4a0041756d1abcea375b4e3f9db"
  integrity sha512-62POGdzAjM+XOXEM5MmFW6k9Pjdjg1hTrXKKBbPE700LFF36B+1Jv9QkskT5UadbTk4cdH9BQ7bGiRPYY0p/Dw==

esbuild-darwin-64@0.14.45:
  version "0.14.45"
  resolved "https://registry.yarnpkg.com/esbuild-darwin-64/-/esbuild-darwin-64-0.14.45.tgz#d7d38d91e4c03890d58c297131e9b82895a37a6a"
  integrity sha512-dbkVUAnGx5IeZesWnIhnvxy7dSvgUQvfy0TVLzd9XVP3oI/VsKs8UNsfPrxI5HiN4SINv7oPAbxWceMpB7IqNA==

esbuild-darwin-arm64@0.14.45:
  version "0.14.45"
  resolved "https://registry.yarnpkg.com/esbuild-darwin-arm64/-/esbuild-darwin-arm64-0.14.45.tgz#d4df2871b94351d7d5561e41f91aadba46857838"
  integrity sha512-O6Bz7nnOae5rvbh2Ueo8ibSr7+/eLjsbPdgeMsAZri+LkOa7nsVPnhmocpO3Hy/LWfagTtHy1O9HRPIaArPmTg==

esbuild-freebsd-64@0.14.45:
  version "0.14.45"
  resolved "https://registry.yarnpkg.com/esbuild-freebsd-64/-/esbuild-freebsd-64-0.14.45.tgz#e90106a2db3f5b0771392d3f9d8801b3138825c6"
  integrity sha512-y1X2nr3XSWnDC7MRcy21EVAT0TiCtdefOntJ+SQcZnPBTURzX77f99S8lDF2KswukChkiacpd2Wd4VZieo7w7Q==

esbuild-freebsd-arm64@0.14.45:
  version "0.14.45"
  resolved "https://registry.yarnpkg.com/esbuild-freebsd-arm64/-/esbuild-freebsd-arm64-0.14.45.tgz#e734c8ae8042cd9224406d45d6992261382bcbde"
  integrity sha512-r3ZNejkx1BKXQ6sYOP6C5rTwgiUajyAh03wygLWZtl+SLyygvAnu+OouqtveesufjBDgujp4wZXP/n8PVqXkqg==

esbuild-linux-32@0.14.45:
  version "0.14.45"
  resolved "https://registry.yarnpkg.com/esbuild-linux-32/-/esbuild-linux-32-0.14.45.tgz#0f814a784c941bfd5a5dca7ff742b57744c5324b"
  integrity sha512-Qk9cCO3PJig/Y+SdslN/Th4pbAjgaH9oUjVH28eMsLTPf6QDUuK6EED91jepJdR3vxhcnVjyl6JqtOWmP+uxCg==

esbuild-linux-64@0.14.45:
  version "0.14.45"
  resolved "https://registry.npmjs.org/esbuild-linux-64/-/esbuild-linux-64-0.14.45.tgz"
  integrity sha512-IybO2ugqvc/Zzn1Kih3x0FVjYAy3GTCwhtcp91dbdqk3wPqxYCzObYspa8ca0s+OovI0Cnb+rhXrUtq8gBqlqw==

esbuild-linux-arm64@0.14.45:
  version "0.14.45"
  resolved "https://registry.yarnpkg.com/esbuild-linux-arm64/-/esbuild-linux-arm64-0.14.45.tgz#6fef4165583215918d45150148ac0a18d5ef6323"
  integrity sha512-UNEyuHTwztrkEU/+mWIxGzKrYBo2cEtjYAZQVZB1kliANKgRITktg2miaO/b/VtNe84ob1aXSvW8XOPEn5RTGQ==

esbuild-linux-arm@0.14.45:
  version "0.14.45"
  resolved "https://registry.yarnpkg.com/esbuild-linux-arm/-/esbuild-linux-arm-0.14.45.tgz#e454f701ae5371322c8265f4356e098611e51f96"
  integrity sha512-qKWJ4A4TAcxXV2TBLPw3Av5X2SYNfyNnBHNJTQJ5VuevK6Aq5i6XEMvUgdlcVuZ9MYPfS5aJZWglzDzJMf1Lpw==

esbuild-linux-mips64le@0.14.45:
  version "0.14.45"
  resolved "https://registry.yarnpkg.com/esbuild-linux-mips64le/-/esbuild-linux-mips64le-0.14.45.tgz#093cc86be71f9b0cd2876da23ee2f5d35b09a247"
  integrity sha512-s/jcfw3Vpku5dIVSFVY7idJsGdIpIJ88IrkyprVgCG2yBeXatb67B7yIt0E1tL+OHrJJdNBw6GikCiMPAAu1VA==

esbuild-linux-ppc64le@0.14.45:
  version "0.14.45"
  resolved "https://registry.yarnpkg.com/esbuild-linux-ppc64le/-/esbuild-linux-ppc64le-0.14.45.tgz#8bddbf67157027e917b6e5b04230d7cf14d62cf2"
  integrity sha512-lJItl6ESZnhSx951U9R7MTBopgwIELHlQzC6SBR023V5JC1rPRFDZ/UEBsV+7BFcCAfqlyb+odGEAmcBSf4XCA==

esbuild-linux-riscv64@0.14.45:
  version "0.14.45"
  resolved "https://registry.yarnpkg.com/esbuild-linux-riscv64/-/esbuild-linux-riscv64-0.14.45.tgz#0f234f63595159cfc976fd5310e7902e8b5a7ad7"
  integrity sha512-8anMu+QLl9MununVCGJN2I/JvUWPm1EVsBBLq/J+Nz4hr8t6QOCuEp0HRaeMohyl2XiMFBchVu0mwa05rF7GFQ==

esbuild-linux-s390x@0.14.45:
  version "0.14.45"
  resolved "https://registry.yarnpkg.com/esbuild-linux-s390x/-/esbuild-linux-s390x-0.14.45.tgz#272288e0f30e4fa0f01d6df6572602c7df78c256"
  integrity sha512-1TPeNvNCoahMw745KNTA6POKaFfSqQrBb3fdOL82GXZqyKU/6rHNwGP0NgHe88bAUMp3QZfjGfCGKxfBHL77RQ==

esbuild-netbsd-64@0.14.45:
  version "0.14.45"
  resolved "https://registry.yarnpkg.com/esbuild-netbsd-64/-/esbuild-netbsd-64-0.14.45.tgz#0f9af25773e025cd1ca5e22277661cb15d36b406"
  integrity sha512-55f2eZ8EQhhOZosqX0mApgRoI9PrVyXlHd9Uivk+B0B4WTKUgzkoHaVk4EkIUtNRQTpDWPciTlpb/C2tUYVejA==

esbuild-openbsd-64@0.14.45:
  version "0.14.45"
  resolved "https://registry.yarnpkg.com/esbuild-openbsd-64/-/esbuild-openbsd-64-0.14.45.tgz#6d47a564eb4b80d9e3aeb4493918b36d17440228"
  integrity sha512-Z5sNcT3oN9eryMW3mGn5HAgg7XCxiUS4isqH1tZXpsdOdOESbgbTEP0mBEJU0WU7Vt2gIN5XMbAp7Oigm0k71g==

esbuild-sunos-64@0.14.45:
  version "0.14.45"
  resolved "https://registry.yarnpkg.com/esbuild-sunos-64/-/esbuild-sunos-64-0.14.45.tgz#cca97d7d31214bddfa1970386883d1f3f2868cec"
  integrity sha512-WmWu4wAm8mIxxK9aWFCj5VHunY3BHQDT3dAPexMLLszPyMF7RDtUYf+Dash9tjyitvnoxPAvR7DpWpirDLQIlQ==

esbuild-windows-32@0.14.45:
  version "0.14.45"
  resolved "https://registry.yarnpkg.com/esbuild-windows-32/-/esbuild-windows-32-0.14.45.tgz#afd98449fd6a741a4655e3e4f0e5ae7081765baf"
  integrity sha512-DPPehKwPJFBoSG+jILc/vcJNN8pTwz1m6FWojxqtqPhgw8OabTgN4vL7gNMqL/FSeDxF+zyvZeeMrZFYF1d81Q==

esbuild-windows-64@0.14.45:
  version "0.14.45"
  resolved "https://registry.yarnpkg.com/esbuild-windows-64/-/esbuild-windows-64-0.14.45.tgz#5d284b712b119c6306ac5f32e2a611ac6eec2842"
  integrity sha512-t6bxFZcp9bLmSs+1pCNL/BW2bq3QEQHxU4HoiMEyWfF8QBU8iNXFI1iLGdyCzB1Ue2739h55tpOvojFrfyNPWA==

esbuild-windows-arm64@0.14.45:
  version "0.14.45"
  resolved "https://registry.yarnpkg.com/esbuild-windows-arm64/-/esbuild-windows-arm64-0.14.45.tgz#08089d4cc921939ed352d9c2d928b5d867a6dc67"
  integrity sha512-DnhrvjECBJ2L0owoznPb4RqQKZ498SM8J+YHqmqzi0Gf/enkUwwTjB8vPCK6dDuFnNU/NE8f94FhKdkBHYruDQ==

esbuild@^0.14.27:
  version "0.14.45"
  resolved "https://registry.npmjs.org/esbuild/-/esbuild-0.14.45.tgz"
  integrity sha512-JOxGUD8jcs8xE8DjyGWC8by/vLMCXTJ/wuauWipL5kJRZx1dhpqIntb31QHjA45GZJWaXv7SjC/Zwu1bCkXWtQ==
  optionalDependencies:
    esbuild-android-64 "0.14.45"
    esbuild-android-arm64 "0.14.45"
    esbuild-darwin-64 "0.14.45"
    esbuild-darwin-arm64 "0.14.45"
    esbuild-freebsd-64 "0.14.45"
    esbuild-freebsd-arm64 "0.14.45"
    esbuild-linux-32 "0.14.45"
    esbuild-linux-64 "0.14.45"
    esbuild-linux-arm "0.14.45"
    esbuild-linux-arm64 "0.14.45"
    esbuild-linux-mips64le "0.14.45"
    esbuild-linux-ppc64le "0.14.45"
    esbuild-linux-riscv64 "0.14.45"
    esbuild-linux-s390x "0.14.45"
    esbuild-netbsd-64 "0.14.45"
    esbuild-openbsd-64 "0.14.45"
    esbuild-sunos-64 "0.14.45"
    esbuild-windows-32 "0.14.45"
    esbuild-windows-64 "0.14.45"
    esbuild-windows-arm64 "0.14.45"

estraverse@4.2.0:
  version "4.2.0"
  resolved "https://registry.npmjs.org/estraverse/-/estraverse-4.2.0.tgz"
  integrity sha512-VHvyaGnJy+FuGfcfaM7W7OZw4mQiKW73jPHwQXx2VnMSUBajYmytOT5sKEfsBvNPtGX6YDwcrGDz2eocoHg0JA==

estraverse@^5.3.0:
  version "5.3.0"
  resolved "https://registry.npmjs.org/estraverse/-/estraverse-5.3.0.tgz"
  integrity sha512-MMdARuVEQziNTeJD8DgMqmhwR11BRQ/cBP+pLtYdSTnf3MIO8fFeiINEbX36ZdNlfU/7A9f3gUw49B3oQsvwBA==

esutils@^2.0.2:
  version "2.0.3"
  resolved "https://registry.npmjs.org/esutils/-/esutils-2.0.3.tgz"
  integrity sha512-kVscqXk4OCp68SZ0dkgEKVi6/8ij300KBWTJq32P/dYeWTSwK41WyTxalN1eRmA5Z9UU/LX9D7FWSmV9SAYx6g==

events@^3.3.0:
  version "3.3.0"
  resolved "https://registry.npmjs.org/events/-/events-3.3.0.tgz"
  integrity sha512-mQw+2fkQbALzQ7V0MY0IqdnXNOeTtP4r0lN9z7AAawCXgqea7bDii20AYrIBrFd/Hx0M2Ocz6S111CaFkUcb0Q==

fraction.js@^4.2.0:
  version "4.2.0"
  resolved "https://registry.npmjs.org/fraction.js/-/fraction.js-4.2.0.tgz"
  integrity sha512-MhLuK+2gUcnZe8ZHlaaINnQLl0xRIGRfcGk2yl8xoQAfHrSsL3rYu6FCmBdkdbhc9EPlwyGHewaRsvwRMJtAlA==

fsevents@~2.3.2:
  version "2.3.2"
  resolved "https://registry.yarnpkg.com/fsevents/-/fsevents-2.3.2.tgz#8a526f78b8fdf4623b709e0b975c52c24c02fd1a"
  integrity sha512-xiqMQR4xAeHTuB9uWm+fFRcIOgKBMiOBP+eXiyT7jsgVCq1bkVygt00oASowB7EdtpOHaaPgKt812P9ab+DDKA==

function-bind@^1.1.1:
  version "1.1.1"
  resolved "https://registry.npmjs.org/function-bind/-/function-bind-1.1.1.tgz"
  integrity sha512-yIovAzMX49sF8Yl58fSCWJ5svSLuaibPxXQJFLmBObTuCr0Mf1KiPopGM9NiFjiYBCbfaa2Fh6breQ6ANVTI0A==

has@^1.0.3:
  version "1.0.3"
  resolved "https://registry.npmjs.org/has/-/has-1.0.3.tgz"
  integrity sha512-f2dvO0VU6Oej7RkWJGrehjbzMAjFp5/VKPp5tTpWIV4JHHZK1/BxbFRtf/siA2SWTe09caDmVtYYzWEIbBS4zw==
  dependencies:
    function-bind "^1.1.1"

is-core-module@^2.9.0:
  version "2.9.0"
  resolved "https://registry.npmjs.org/is-core-module/-/is-core-module-2.9.0.tgz"
  integrity sha512-+5FPy5PnwmO3lvfMb0AsoPaBG+5KHUI0wYFXOtYPnVVVspTFUuMZNfNaNVRt3FZadstu2c8x23vykRW/NBoU6A==
  dependencies:
    has "^1.0.3"

multimap@^1.0.2:
  version "1.1.0"
  resolved "https://registry.npmjs.org/multimap/-/multimap-1.1.0.tgz"
  integrity sha512-0ZIR9PasPxGXmRsEF8jsDzndzHDj7tIav+JUmvIFB/WHswliFnquxECT/De7GR4yg99ky/NlRKJT82G1y271bw==

nanoid@^3.3.4:
  version "3.3.4"
  resolved "https://registry.npmjs.org/nanoid/-/nanoid-3.3.4.tgz"
  integrity sha512-MqBkQh/OHTS2egovRtLk45wEyNXwF+cokD+1YPf9u5VfJiRdAiRwB2froX5Co9Rh20xs4siNPm8naNotSD6RBw==

object-assign@^4.1.0:
  version "4.1.1"
  resolved "https://registry.npmjs.org/object-assign/-/object-assign-4.1.1.tgz"
  integrity sha512-rJgTQnkUnH1sFw8yT6VSU3zD3sWmu6sZhIseY8VX+GRu3P6F7Fu+JNDoXfklElbLJSnc3FUQHVe4cU5hj+BcUg==

osc-js@^2.3.2:
  version "2.3.2"
  resolved "https://registry.npmjs.org/osc-js/-/osc-js-2.3.2.tgz"
  integrity sha512-9i7J4u1hH+glooGMh+ki1ni0JGqKmylT8r0nXKugHbRK63rR+kl4O+5tGW6+/EszjbCju3KV+eXQQzFDdGrmhg==
  dependencies:
    ws "^8.5.0"

path-parse@^1.0.7:
  version "1.0.7"
  resolved "https://registry.npmjs.org/path-parse/-/path-parse-1.0.7.tgz"
  integrity sha512-LDJzPVEEEPR+y48z93A0Ed0yXb8pAByGWo/k5YYdYgpY2/2EsOsksJrq7lOHxryrVOn1ejG6oAp8ahvOIQD8sw==

picocolors@^1.0.0:
  version "1.0.0"
  resolved "https://registry.npmjs.org/picocolors/-/picocolors-1.0.0.tgz"
  integrity sha512-1fygroTLlHu66zi26VoTDv8yRgm0Fccecssto+MhsZ0D/DGW2sm8E8AjW7NU5VVTRt5GxbeZ5qBuJr+HyLYkjQ==

postcss@^8.4.13:
  version "8.4.14"
  resolved "https://registry.npmjs.org/postcss/-/postcss-8.4.14.tgz"
  integrity sha512-E398TUmfAYFPBSdzgeieK2Y1+1cpdxJx8yXbK/m57nRhKSmk1GB2tO4lbLBtlkfPQTDKfe4Xqv1ASWPpayPEig==
  dependencies:
    nanoid "^3.3.4"
    picocolors "^1.0.0"
    source-map-js "^1.0.2"

regenerator-runtime@^0.13.4:
  version "0.13.9"
  resolved "https://registry.npmjs.org/regenerator-runtime/-/regenerator-runtime-0.13.9.tgz"
  integrity sha512-p3VT+cOEgxFsRRA9X4lkI1E+k2/CtnKtU4gcxyaCUreilL/vqI6CdZ3wxVUx3UOUg+gnUOQQcRI7BmSI656MYA==

resolve@^1.22.0:
  version "1.22.1"
  resolved "https://registry.npmjs.org/resolve/-/resolve-1.22.1.tgz"
  integrity sha512-nBpuuYuY5jFsli/JIs1oldw6fOQCBioohqWZg/2hiaOybXOft4lonv85uDOKXdf8rhyK159cxU5cDcK/NKk8zw==
  dependencies:
    is-core-module "^2.9.0"
    path-parse "^1.0.7"
    supports-preserve-symlinks-flag "^1.0.0"

rollup@^2.59.0:
  version "2.75.6"
  resolved "https://registry.npmjs.org/rollup/-/rollup-2.75.6.tgz"
  integrity sha512-OEf0TgpC9vU6WGROJIk1JA3LR5vk/yvqlzxqdrE2CzzXnqKXNzbAwlWUXis8RS3ZPe7LAq+YUxsRa0l3r27MLA==
  optionalDependencies:
    fsevents "~2.3.2"

shift-ast@6.0.0:
  version "6.0.0"
  resolved "https://registry.npmjs.org/shift-ast/-/shift-ast-6.0.0.tgz"
  integrity sha512-XXxDcEBWVBzqWXfNYJlLyJ1/9kMvOXVRXiqPjkOrTCC5qRsBvEMJMRLLFhU3tn8ue56Y7IZyBE6bexFum5QLUw==

shift-ast@^6.1.0:
  version "6.1.0"
  resolved "https://registry.npmjs.org/shift-ast/-/shift-ast-6.1.0.tgz"
  integrity sha512-Vj4XUIJIFPIh6VcBGJ1hjH/kM88XGer94Pr7Rvxa+idEylDsrwtLw268HoxGo5xReL6T3DdRl/9/Pr1XihZ/8Q==

shift-codegen@^7.0.3:
  version "7.0.3"
  resolved "https://registry.npmjs.org/shift-codegen/-/shift-codegen-7.0.3.tgz"
  integrity sha512-dfCVVdBF0qZ6pkajQ3bjxRdNEltyxEITVe7tBJkQt2eCI3znUkSxq0VSe/tTWq1LKHeAS4HuOiqYEuHMFkSq9w==
  dependencies:
    esutils "^2.0.2"
    object-assign "^4.1.0"
    shift-reducer "6.0.0"

shift-parser@^7.0.3:
  version "7.0.3"
  resolved "https://registry.npmjs.org/shift-parser/-/shift-parser-7.0.3.tgz"
  integrity sha512-uYX2ORyZfKZrUc4iKKkO9KOhzUSxCrSBk7QK6ZmShId+BOo1gh1IwecVy97ynyOTpmhPWUttjC8BzsnQl65Zew==
  dependencies:
    multimap "^1.0.2"
    shift-ast "6.0.0"
    shift-reducer "6.0.0"
    shift-regexp-acceptor "2.0.3"

shift-reducer@6.0.0:
  version "6.0.0"
  resolved "https://registry.npmjs.org/shift-reducer/-/shift-reducer-6.0.0.tgz"
  integrity sha512-2rJraRP8drIOjvaE/sALa+0tGJmMVUzlmS3wIJerJbaYuCjpFAiF0WjkTOFVtz1144Nm/ECmqeG+7yRhuMVsMg==
  dependencies:
    shift-ast "6.0.0"

shift-regexp-acceptor@2.0.3:
  version "2.0.3"
  resolved "https://registry.npmjs.org/shift-regexp-acceptor/-/shift-regexp-acceptor-2.0.3.tgz"
  integrity sha512-sxL7e5JNUFxm+gutFRXktX2D6KVgDAHNuDsk5XHB9Z+N5yXooZG6pdZ1GEbo3Jz6lF7ETYLBC4WAjIFm2RKTmA==
  dependencies:
    unicode-match-property-ecmascript "1.0.4"
    unicode-match-property-value-ecmascript "1.0.2"
    unicode-property-aliases-ecmascript "1.0.4"

shift-spec@2018.0.0:
  version "2018.0.0"
  resolved "https://registry.npmjs.org/shift-spec/-/shift-spec-2018.0.0.tgz"
  integrity sha512-/aiPOkj7dbe+CV2VZhIMTHQToZmgniofpRG7Yr7x2/0sO6CSVC++py1Wzf+s+rWSTDHKcLvziVAxjRRV4i4EoQ==

shift-spec@^2018.0.2:
  version "2018.0.2"
  resolved "https://registry.npmjs.org/shift-spec/-/shift-spec-2018.0.2.tgz"
  integrity sha512-5CP/cKDEim4rZ6ViCSipTLY2U7HJr8q/kpDuCBmebFqbx/0DeozWO+9ienHmYjgGLDfHrqj+LBAN67FRK2vE6w==

shift-traverser@^1.0.0:
  version "1.0.0"
  resolved "https://registry.npmjs.org/shift-traverser/-/shift-traverser-1.0.0.tgz"
  integrity sha512-DMY3512wJbdC+IC+nhLH3/Stgr2BbxbNcg7qyZ6+e5qNnNs8TBQJWdMsRgHlX1JXwF4C0ONKS8VUxsPT0Tf7aw==
  dependencies:
    estraverse "4.2.0"
    shift-spec "2018.0.0"

source-map-js@^1.0.2:
  version "1.0.2"
  resolved "https://registry.npmjs.org/source-map-js/-/source-map-js-1.0.2.tgz"
  integrity sha512-R0XvVJ9WusLiqTCEiGCmICCMplcCkIwwR11mOSD9CR5u+IXYdiseeEuXCVAjS54zqwkLcPNnmU4OeJ6tUrWhDw==

standardized-audio-context@^25.1.8:
  version "25.3.28"
  resolved "https://registry.npmjs.org/standardized-audio-context/-/standardized-audio-context-25.3.28.tgz"
  integrity sha512-w3TIDQ2z5iA76A3qFjL/knf45BAwHYAqQmDNlDrlE2El89kFKv43TjiN94N0joiMr7G3CRmO1bOuQ7wopDon9g==
  dependencies:
    "@babel/runtime" "^7.18.3"
    automation-events "^4.0.19"
    tslib "^2.4.0"

supports-preserve-symlinks-flag@^1.0.0:
  version "1.0.0"
  resolved "https://registry.npmjs.org/supports-preserve-symlinks-flag/-/supports-preserve-symlinks-flag-1.0.0.tgz"
  integrity sha512-ot0WnXS9fgdkgIcePe6RHNk1WA8+muPa6cSjeR3V8K27q9BB1rTE3R1p7Hv0z1ZyAc8s6Vvv8DIyWf681MAt0w==

tone@^14.7.77:
  version "14.7.77"
  resolved "https://registry.npmjs.org/tone/-/tone-14.7.77.tgz"
  integrity sha512-tCfK73IkLHyzoKUvGq47gyDyxiKLFvKiVCOobynGgBB9Dl0NkxTM2p+eRJXyCYrjJwy9Y0XCMqD3uOYsYt2Fdg==
  dependencies:
    standardized-audio-context "^25.1.8"
    tslib "^2.0.1"

tslib@^1.11.1:
  version "1.14.1"
  resolved "https://registry.npmjs.org/tslib/-/tslib-1.14.1.tgz"
  integrity sha512-Xni35NKzjgMrwevysHTCArtLDpPvye8zV/0E4EyYn43P7/7qvQwPh9BGkHewbMulVntbigmcT7rdX3BNo9wRJg==

tslib@^2.0.1, tslib@^2.4.0:
  version "2.4.0"
  resolved "https://registry.npmjs.org/tslib/-/tslib-2.4.0.tgz"
  integrity sha512-d6xOpEDfsi2CZVlPQzGeux8XMwLT9hssAsaPYExaQMuYskwb+x1x7J371tWlbBdWHroy99KnVB6qIkUbs5X3UQ==

unicode-canonical-property-names-ecmascript@^1.0.4:
  version "1.0.4"
  resolved "https://registry.npmjs.org/unicode-canonical-property-names-ecmascript/-/unicode-canonical-property-names-ecmascript-1.0.4.tgz"
  integrity sha512-jDrNnXWHd4oHiTZnx/ZG7gtUTVp+gCcTTKr8L0HjlwphROEW3+Him+IpvC+xcJEFegapiMZyZe02CyuOnRmbnQ==

unicode-match-property-ecmascript@1.0.4:
  version "1.0.4"
  resolved "https://registry.npmjs.org/unicode-match-property-ecmascript/-/unicode-match-property-ecmascript-1.0.4.tgz"
  integrity sha512-L4Qoh15vTfntsn4P1zqnHulG0LdXgjSO035fEpdtp6YxXhMT51Q6vgM5lYdG/5X3MjS+k/Y9Xw4SFCY9IkR0rg==
  dependencies:
    unicode-canonical-property-names-ecmascript "^1.0.4"
    unicode-property-aliases-ecmascript "^1.0.4"

unicode-match-property-value-ecmascript@1.0.2:
  version "1.0.2"
  resolved "https://registry.npmjs.org/unicode-match-property-value-ecmascript/-/unicode-match-property-value-ecmascript-1.0.2.tgz"
  integrity sha512-Rx7yODZC1L/T8XKo/2kNzVAQaRE88AaMvI1EF/Xnj3GW2wzN6fop9DDWuFAKUVFH7vozkz26DzP0qyWLKLIVPQ==

unicode-property-aliases-ecmascript@1.0.4:
  version "1.0.4"
  resolved "https://registry.npmjs.org/unicode-property-aliases-ecmascript/-/unicode-property-aliases-ecmascript-1.0.4.tgz"
  integrity sha512-2WSLa6OdYd2ng8oqiGIWnJqyFArvhn+5vgx5GTxMbUYjCYKUcuKS62YLFF0R/BDGlB1yzXjQOLtPAfHsgirEpg==

unicode-property-aliases-ecmascript@^1.0.4:
  version "1.1.0"
  resolved "https://registry.npmjs.org/unicode-property-aliases-ecmascript/-/unicode-property-aliases-ecmascript-1.1.0.tgz"
  integrity sha512-PqSoPh/pWetQ2phoj5RLiaqIk4kCNwoV3CI+LfGmWLKI3rE3kl1h59XpX2BjgDrmbxD9ARtQobPGU1SguCYuQg==

vite@^2.9.9:
  version "2.9.12"
  resolved "https://registry.npmjs.org/vite/-/vite-2.9.12.tgz"
  integrity sha512-suxC36dQo9Rq1qMB2qiRorNJtJAdxguu5TMvBHOc/F370KvqAe9t48vYp+/TbPKRNrMh/J55tOUmkuIqstZaew==
  dependencies:
    esbuild "^0.14.27"
    postcss "^8.4.13"
    resolve "^1.22.0"
    rollup "^2.59.0"
  optionalDependencies:
    fsevents "~2.3.2"

webmidi@^2.5.3:
  version "2.5.3"
  resolved "https://registry.npmjs.org/webmidi/-/webmidi-2.5.3.tgz"
  integrity sha512-PyMGvKcDGpvbQUfnmBORQJciyG3VAZ4aHlGy1iRZ3uEs4kG4HCvI7KRthUpM1vuHDPL98lidRIUaoRomkJtWtg==

ws@^8.5.0:
  version "8.8.0"
  resolved "https://registry.npmjs.org/ws/-/ws-8.8.0.tgz"
  integrity sha512-JDAgSYQ1ksuwqfChJusw1LSJ8BizJ2e/vVu5Lxjq3YvNJNlROv1ui4i+c/kUUrPheBvQl4c5UbERhTwKa6QBJQ==
